// !$*UTF8*$!
{
	archiveVersion = 1;
	classes = {
	};
	objectVersion = 50;
	objects = {

/* Begin PBXBuildFile section */
		2E2A8C56234FC6CC00540605 /* AppDelegate.swift in Sources */ = {isa = PBXBuildFile; fileRef = 2E2A8C55234FC6CC00540605 /* AppDelegate.swift */; };
		2E2A8C58234FC6CC00540605 /* SceneDelegate.swift in Sources */ = {isa = PBXBuildFile; fileRef = 2E2A8C57234FC6CC00540605 /* SceneDelegate.swift */; };
		2E2A8C5A234FC6CC00540605 /* ViewController.swift in Sources */ = {isa = PBXBuildFile; fileRef = 2E2A8C59234FC6CC00540605 /* ViewController.swift */; };
		2E2A8C5D234FC6CC00540605 /* Main.storyboard in Resources */ = {isa = PBXBuildFile; fileRef = 2E2A8C5B234FC6CC00540605 /* Main.storyboard */; };
		2E2A8C5F234FC6CE00540605 /* Assets.xcassets in Resources */ = {isa = PBXBuildFile; fileRef = 2E2A8C5E234FC6CE00540605 /* Assets.xcassets */; };
		2E2A8C62234FC6CE00540605 /* LaunchScreen.storyboard in Resources */ = {isa = PBXBuildFile; fileRef = 2E2A8C60234FC6CE00540605 /* LaunchScreen.storyboard */; };
		2E2A8C70234FC7E600540605 /* NotificationCenter.framework in Frameworks */ = {isa = PBXBuildFile; fileRef = 2E2A8C6F234FC7E600540605 /* NotificationCenter.framework */; };
		2E2A8C73234FC7E600540605 /* TodayViewController.swift in Sources */ = {isa = PBXBuildFile; fileRef = 2E2A8C72234FC7E600540605 /* TodayViewController.swift */; };
		2E2A8C76234FC7E600540605 /* MainInterface.storyboard in Resources */ = {isa = PBXBuildFile; fileRef = 2E2A8C74234FC7E600540605 /* MainInterface.storyboard */; };
		2E2A8C7A234FC7E600540605 /* CheckDarkMode.appex in Embed App Extensions */ = {isa = PBXBuildFile; fileRef = 2E2A8C6D234FC7E600540605 /* CheckDarkMode.appex */; settings = {ATTRIBUTES = (RemoveHeadersOnCopy, ); }; };
/* End PBXBuildFile section */

/* Begin PBXContainerItemProxy section */
		2E2A8C78234FC7E600540605 /* PBXContainerItemProxy */ = {
			isa = PBXContainerItemProxy;
			containerPortal = 2E2A8C4A234FC6CC00540605 /* Project object */;
			proxyType = 1;
			remoteGlobalIDString = 2E2A8C6C234FC7E600540605;
			remoteInfo = CheckDarkMode;
		};
/* End PBXContainerItemProxy section */

/* Begin PBXCopyFilesBuildPhase section */
		2E2A8C7B234FC7E600540605 /* Embed App Extensions */ = {
			isa = PBXCopyFilesBuildPhase;
			buildActionMask = 2147483647;
			dstPath = "";
			dstSubfolderSpec = 13;
			files = (
				2E2A8C7A234FC7E600540605 /* CheckDarkMode.appex in Embed App Extensions */,
			);
			name = "Embed App Extensions";
			runOnlyForDeploymentPostprocessing = 0;
		};
/* End PBXCopyFilesBuildPhase section */

/* Begin PBXFileReference section */
		2E2A8C52234FC6CC00540605 /* CheckDarkModeWidget.app */ = {isa = PBXFileReference; explicitFileType = wrapper.application; includeInIndex = 0; path = CheckDarkModeWidget.app; sourceTree = BUILT_PRODUCTS_DIR; };
		2E2A8C55234FC6CC00540605 /* AppDelegate.swift */ = {isa = PBXFileReference; lastKnownFileType = sourcecode.swift; path = AppDelegate.swift; sourceTree = "<group>"; };
		2E2A8C57234FC6CC00540605 /* SceneDelegate.swift */ = {isa = PBXFileReference; lastKnownFileType = sourcecode.swift; path = SceneDelegate.swift; sourceTree = "<group>"; };
		2E2A8C59234FC6CC00540605 /* ViewController.swift */ = {isa = PBXFileReference; lastKnownFileType = sourcecode.swift; path = ViewController.swift; sourceTree = "<group>"; };
		2E2A8C5C234FC6CC00540605 /* Base */ = {isa = PBXFileReference; lastKnownFileType = file.storyboard; name = Base; path = Base.lproj/Main.storyboard; sourceTree = "<group>"; };
		2E2A8C5E234FC6CE00540605 /* Assets.xcassets */ = {isa = PBXFileReference; lastKnownFileType = folder.assetcatalog; path = Assets.xcassets; sourceTree = "<group>"; };
		2E2A8C61234FC6CE00540605 /* Base */ = {isa = PBXFileReference; lastKnownFileType = file.storyboard; name = Base; path = Base.lproj/LaunchScreen.storyboard; sourceTree = "<group>"; };
		2E2A8C63234FC6CE00540605 /* Info.plist */ = {isa = PBXFileReference; lastKnownFileType = text.plist.xml; path = Info.plist; sourceTree = "<group>"; };
		2E2A8C6D234FC7E600540605 /* CheckDarkMode.appex */ = {isa = PBXFileReference; explicitFileType = "wrapper.app-extension"; includeInIndex = 0; path = CheckDarkMode.appex; sourceTree = BUILT_PRODUCTS_DIR; };
		2E2A8C6F234FC7E600540605 /* NotificationCenter.framework */ = {isa = PBXFileReference; lastKnownFileType = wrapper.framework; name = NotificationCenter.framework; path = System/Library/Frameworks/NotificationCenter.framework; sourceTree = SDKROOT; };
		2E2A8C72234FC7E600540605 /* TodayViewController.swift */ = {isa = PBXFileReference; lastKnownFileType = sourcecode.swift; path = TodayViewController.swift; sourceTree = "<group>"; };
		2E2A8C75234FC7E600540605 /* Base */ = {isa = PBXFileReference; lastKnownFileType = file.storyboard; name = Base; path = Base.lproj/MainInterface.storyboard; sourceTree = "<group>"; };
		2E2A8C77234FC7E600540605 /* Info.plist */ = {isa = PBXFileReference; lastKnownFileType = text.plist.xml; path = Info.plist; sourceTree = "<group>"; };
/* End PBXFileReference section */

/* Begin PBXFrameworksBuildPhase section */
		2E2A8C4F234FC6CC00540605 /* Frameworks */ = {
			isa = PBXFrameworksBuildPhase;
			buildActionMask = 2147483647;
			files = (
			);
			runOnlyForDeploymentPostprocessing = 0;
		};
		2E2A8C6A234FC7E600540605 /* Frameworks */ = {
			isa = PBXFrameworksBuildPhase;
			buildActionMask = 2147483647;
			files = (
				2E2A8C70234FC7E600540605 /* NotificationCenter.framework in Frameworks */,
			);
			runOnlyForDeploymentPostprocessing = 0;
		};
/* End PBXFrameworksBuildPhase section */

/* Begin PBXGroup section */
		2E2A8C49234FC6CC00540605 = {
			isa = PBXGroup;
			children = (
				2E2A8C54234FC6CC00540605 /* CheckDarkModeWidget */,
				2E2A8C71234FC7E600540605 /* CheckDarkMode */,
				2E2A8C6E234FC7E600540605 /* Frameworks */,
				2E2A8C53234FC6CC00540605 /* Products */,
			);
			sourceTree = "<group>";
		};
		2E2A8C53234FC6CC00540605 /* Products */ = {
			isa = PBXGroup;
			children = (
				2E2A8C52234FC6CC00540605 /* CheckDarkModeWidget.app */,
				2E2A8C6D234FC7E600540605 /* CheckDarkMode.appex */,
			);
			name = Products;
			sourceTree = "<group>";
		};
		2E2A8C54234FC6CC00540605 /* CheckDarkModeWidget */ = {
			isa = PBXGroup;
			children = (
				2E2A8C55234FC6CC00540605 /* AppDelegate.swift */,
				2E2A8C57234FC6CC00540605 /* SceneDelegate.swift */,
				2E2A8C59234FC6CC00540605 /* ViewController.swift */,
				2E2A8C5B234FC6CC00540605 /* Main.storyboard */,
				2E2A8C5E234FC6CE00540605 /* Assets.xcassets */,
				2E2A8C60234FC6CE00540605 /* LaunchScreen.storyboard */,
				2E2A8C63234FC6CE00540605 /* Info.plist */,
			);
			path = CheckDarkModeWidget;
			sourceTree = "<group>";
		};
		2E2A8C6E234FC7E600540605 /* Frameworks */ = {
			isa = PBXGroup;
			children = (
				2E2A8C6F234FC7E600540605 /* NotificationCenter.framework */,
			);
			name = Frameworks;
			sourceTree = "<group>";
		};
		2E2A8C71234FC7E600540605 /* CheckDarkMode */ = {
			isa = PBXGroup;
			children = (
				2E2A8C72234FC7E600540605 /* TodayViewController.swift */,
				2E2A8C74234FC7E600540605 /* MainInterface.storyboard */,
				2E2A8C77234FC7E600540605 /* Info.plist */,
			);
			path = CheckDarkMode;
			sourceTree = "<group>";
		};
/* End PBXGroup section */

/* Begin PBXNativeTarget section */
		2E2A8C51234FC6CC00540605 /* CheckDarkModeWidget */ = {
			isa = PBXNativeTarget;
			buildConfigurationList = 2E2A8C66234FC6CE00540605 /* Build configuration list for PBXNativeTarget "CheckDarkModeWidget" */;
			buildPhases = (
				2E2A8C4E234FC6CC00540605 /* Sources */,
				2E2A8C4F234FC6CC00540605 /* Frameworks */,
				2E2A8C50234FC6CC00540605 /* Resources */,
				2E2A8C7B234FC7E600540605 /* Embed App Extensions */,
			);
			buildRules = (
			);
			dependencies = (
				2E2A8C79234FC7E600540605 /* PBXTargetDependency */,
			);
			name = CheckDarkModeWidget;
			productName = CheckDarkModeWidget;
			productReference = 2E2A8C52234FC6CC00540605 /* CheckDarkModeWidget.app */;
			productType = "com.apple.product-type.application";
		};
		2E2A8C6C234FC7E600540605 /* CheckDarkMode */ = {
			isa = PBXNativeTarget;
			buildConfigurationList = 2E2A8C7E234FC7E600540605 /* Build configuration list for PBXNativeTarget "CheckDarkMode" */;
			buildPhases = (
				2E2A8C69234FC7E600540605 /* Sources */,
				2E2A8C6A234FC7E600540605 /* Frameworks */,
				2E2A8C6B234FC7E600540605 /* Resources */,
			);
			buildRules = (
			);
			dependencies = (
			);
			name = CheckDarkMode;
			productName = CheckDarkMode;
			productReference = 2E2A8C6D234FC7E600540605 /* CheckDarkMode.appex */;
			productType = "com.apple.product-type.app-extension";
		};
/* End PBXNativeTarget section */

/* Begin PBXProject section */
		2E2A8C4A234FC6CC00540605 /* Project object */ = {
			isa = PBXProject;
			attributes = {
				LastSwiftUpdateCheck = 1110;
				LastUpgradeCheck = 1110;
				ORGANIZATIONNAME = "Matoria, Ashok";
				TargetAttributes = {
					2E2A8C51234FC6CC00540605 = {
						CreatedOnToolsVersion = 11.1;
					};
					2E2A8C6C234FC7E600540605 = {
						CreatedOnToolsVersion = 11.1;
					};
				};
			};
			buildConfigurationList = 2E2A8C4D234FC6CC00540605 /* Build configuration list for PBXProject "CheckDarkModeWidget" */;
			compatibilityVersion = "Xcode 9.3";
			developmentRegion = en;
			hasScannedForEncodings = 0;
			knownRegions = (
				en,
				Base,
			);
			mainGroup = 2E2A8C49234FC6CC00540605;
			productRefGroup = 2E2A8C53234FC6CC00540605 /* Products */;
			projectDirPath = "";
			projectRoot = "";
			targets = (
				2E2A8C51234FC6CC00540605 /* CheckDarkModeWidget */,
				2E2A8C6C234FC7E600540605 /* CheckDarkMode */,
			);
		};
/* End PBXProject section */

/* Begin PBXResourcesBuildPhase section */
		2E2A8C50234FC6CC00540605 /* Resources */ = {
			isa = PBXResourcesBuildPhase;
			buildActionMask = 2147483647;
			files = (
				2E2A8C62234FC6CE00540605 /* LaunchScreen.storyboard in Resources */,
				2E2A8C5F234FC6CE00540605 /* Assets.xcassets in Resources */,
				2E2A8C5D234FC6CC00540605 /* Main.storyboard in Resources */,
			);
			runOnlyForDeploymentPostprocessing = 0;
		};
		2E2A8C6B234FC7E600540605 /* Resources */ = {
			isa = PBXResourcesBuildPhase;
			buildActionMask = 2147483647;
			files = (
				2E2A8C76234FC7E600540605 /* MainInterface.storyboard in Resources */,
			);
			runOnlyForDeploymentPostprocessing = 0;
		};
/* End PBXResourcesBuildPhase section */

/* Begin PBXSourcesBuildPhase section */
		2E2A8C4E234FC6CC00540605 /* Sources */ = {
			isa = PBXSourcesBuildPhase;
			buildActionMask = 2147483647;
			files = (
				2E2A8C5A234FC6CC00540605 /* ViewController.swift in Sources */,
				2E2A8C56234FC6CC00540605 /* AppDelegate.swift in Sources */,
				2E2A8C58234FC6CC00540605 /* SceneDelegate.swift in Sources */,
			);
			runOnlyForDeploymentPostprocessing = 0;
		};
		2E2A8C69234FC7E600540605 /* Sources */ = {
			isa = PBXSourcesBuildPhase;
			buildActionMask = 2147483647;
			files = (
				2E2A8C73234FC7E600540605 /* TodayViewController.swift in Sources */,
			);
			runOnlyForDeploymentPostprocessing = 0;
		};
/* End PBXSourcesBuildPhase section */

/* Begin PBXTargetDependency section */
		2E2A8C79234FC7E600540605 /* PBXTargetDependency */ = {
			isa = PBXTargetDependency;
			target = 2E2A8C6C234FC7E600540605 /* CheckDarkMode */;
			targetProxy = 2E2A8C78234FC7E600540605 /* PBXContainerItemProxy */;
		};
/* End PBXTargetDependency section */

/* Begin PBXVariantGroup section */
		2E2A8C5B234FC6CC00540605 /* Main.storyboard */ = {
			isa = PBXVariantGroup;
			children = (
				2E2A8C5C234FC6CC00540605 /* Base */,
			);
			name = Main.storyboard;
			sourceTree = "<group>";
		};
		2E2A8C60234FC6CE00540605 /* LaunchScreen.storyboard */ = {
			isa = PBXVariantGroup;
			children = (
				2E2A8C61234FC6CE00540605 /* Base */,
			);
			name = LaunchScreen.storyboard;
			sourceTree = "<group>";
		};
		2E2A8C74234FC7E600540605 /* MainInterface.storyboard */ = {
			isa = PBXVariantGroup;
			children = (
				2E2A8C75234FC7E600540605 /* Base */,
			);
			name = MainInterface.storyboard;
			sourceTree = "<group>";
		};
/* End PBXVariantGroup section */

/* Begin XCBuildConfiguration section */
		2E2A8C64234FC6CE00540605 /* Debug */ = {
			isa = XCBuildConfiguration;
			buildSettings = {
				ALWAYS_SEARCH_USER_PATHS = NO;
				CLANG_ANALYZER_NONNULL = YES;
				CLANG_ANALYZER_NUMBER_OBJECT_CONVERSION = YES_AGGRESSIVE;
				CLANG_CXX_LANGUAGE_STANDARD = "gnu++14";
				CLANG_CXX_LIBRARY = "libc++";
				CLANG_ENABLE_MODULES = YES;
				CLANG_ENABLE_OBJC_ARC = YES;
				CLANG_ENABLE_OBJC_WEAK = YES;
				CLANG_WARN_BLOCK_CAPTURE_AUTORELEASING = YES;
				CLANG_WARN_BOOL_CONVERSION = YES;
				CLANG_WARN_COMMA = YES;
				CLANG_WARN_CONSTANT_CONVERSION = YES;
				CLANG_WARN_DEPRECATED_OBJC_IMPLEMENTATIONS = YES;
				CLANG_WARN_DIRECT_OBJC_ISA_USAGE = YES_ERROR;
				CLANG_WARN_DOCUMENTATION_COMMENTS = YES;
				CLANG_WARN_EMPTY_BODY = YES;
				CLANG_WARN_ENUM_CONVERSION = YES;
				CLANG_WARN_INFINITE_RECURSION = YES;
				CLANG_WARN_INT_CONVERSION = YES;
				CLANG_WARN_NON_LITERAL_NULL_CONVERSION = YES;
				CLANG_WARN_OBJC_IMPLICIT_RETAIN_SELF = YES;
				CLANG_WARN_OBJC_LITERAL_CONVERSION = YES;
				CLANG_WARN_OBJC_ROOT_CLASS = YES_ERROR;
				CLANG_WARN_RANGE_LOOP_ANALYSIS = YES;
				CLANG_WARN_STRICT_PROTOTYPES = YES;
				CLANG_WARN_SUSPICIOUS_MOVE = YES;
				CLANG_WARN_UNGUARDED_AVAILABILITY = YES_AGGRESSIVE;
				CLANG_WARN_UNREACHABLE_CODE = YES;
				CLANG_WARN__DUPLICATE_METHOD_MATCH = YES;
				COPY_PHASE_STRIP = NO;
				DEBUG_INFORMATION_FORMAT = dwarf;
				ENABLE_STRICT_OBJC_MSGSEND = YES;
				ENABLE_TESTABILITY = YES;
				GCC_C_LANGUAGE_STANDARD = gnu11;
				GCC_DYNAMIC_NO_PIC = NO;
				GCC_NO_COMMON_BLOCKS = YES;
				GCC_OPTIMIZATION_LEVEL = 0;
				GCC_PREPROCESSOR_DEFINITIONS = (
					"DEBUG=1",
					"$(inherited)",
				);
				GCC_WARN_64_TO_32_BIT_CONVERSION = YES;
				GCC_WARN_ABOUT_RETURN_TYPE = YES_ERROR;
				GCC_WARN_UNDECLARED_SELECTOR = YES;
				GCC_WARN_UNINITIALIZED_AUTOS = YES_AGGRESSIVE;
				GCC_WARN_UNUSED_FUNCTION = YES;
				GCC_WARN_UNUSED_VARIABLE = YES;
				IPHONEOS_DEPLOYMENT_TARGET = 13.1;
				MTL_ENABLE_DEBUG_INFO = INCLUDE_SOURCE;
				MTL_FAST_MATH = YES;
				ONLY_ACTIVE_ARCH = YES;
				SDKROOT = iphoneos;
				SWIFT_ACTIVE_COMPILATION_CONDITIONS = DEBUG;
				SWIFT_OPTIMIZATION_LEVEL = "-Onone";
			};
			name = Debug;
		};
		2E2A8C65234FC6CE00540605 /* Release */ = {
			isa = XCBuildConfiguration;
			buildSettings = {
				ALWAYS_SEARCH_USER_PATHS = NO;
				CLANG_ANALYZER_NONNULL = YES;
				CLANG_ANALYZER_NUMBER_OBJECT_CONVERSION = YES_AGGRESSIVE;
				CLANG_CXX_LANGUAGE_STANDARD = "gnu++14";
				CLANG_CXX_LIBRARY = "libc++";
				CLANG_ENABLE_MODULES = YES;
				CLANG_ENABLE_OBJC_ARC = YES;
				CLANG_ENABLE_OBJC_WEAK = YES;
				CLANG_WARN_BLOCK_CAPTURE_AUTORELEASING = YES;
				CLANG_WARN_BOOL_CONVERSION = YES;
				CLANG_WARN_COMMA = YES;
				CLANG_WARN_CONSTANT_CONVERSION = YES;
				CLANG_WARN_DEPRECATED_OBJC_IMPLEMENTATIONS = YES;
				CLANG_WARN_DIRECT_OBJC_ISA_USAGE = YES_ERROR;
				CLANG_WARN_DOCUMENTATION_COMMENTS = YES;
				CLANG_WARN_EMPTY_BODY = YES;
				CLANG_WARN_ENUM_CONVERSION = YES;
				CLANG_WARN_INFINITE_RECURSION = YES;
				CLANG_WARN_INT_CONVERSION = YES;
				CLANG_WARN_NON_LITERAL_NULL_CONVERSION = YES;
				CLANG_WARN_OBJC_IMPLICIT_RETAIN_SELF = YES;
				CLANG_WARN_OBJC_LITERAL_CONVERSION = YES;
				CLANG_WARN_OBJC_ROOT_CLASS = YES_ERROR;
				CLANG_WARN_RANGE_LOOP_ANALYSIS = YES;
				CLANG_WARN_STRICT_PROTOTYPES = YES;
				CLANG_WARN_SUSPICIOUS_MOVE = YES;
				CLANG_WARN_UNGUARDED_AVAILABILITY = YES_AGGRESSIVE;
				CLANG_WARN_UNREACHABLE_CODE = YES;
				CLANG_WARN__DUPLICATE_METHOD_MATCH = YES;
				COPY_PHASE_STRIP = NO;
				DEBUG_INFORMATION_FORMAT = "dwarf-with-dsym";
				ENABLE_NS_ASSERTIONS = NO;
				ENABLE_STRICT_OBJC_MSGSEND = YES;
				GCC_C_LANGUAGE_STANDARD = gnu11;
				GCC_NO_COMMON_BLOCKS = YES;
				GCC_WARN_64_TO_32_BIT_CONVERSION = YES;
				GCC_WARN_ABOUT_RETURN_TYPE = YES_ERROR;
				GCC_WARN_UNDECLARED_SELECTOR = YES;
				GCC_WARN_UNINITIALIZED_AUTOS = YES_AGGRESSIVE;
				GCC_WARN_UNUSED_FUNCTION = YES;
				GCC_WARN_UNUSED_VARIABLE = YES;
				IPHONEOS_DEPLOYMENT_TARGET = 13.1;
				MTL_ENABLE_DEBUG_INFO = NO;
				MTL_FAST_MATH = YES;
				SDKROOT = iphoneos;
				SWIFT_COMPILATION_MODE = wholemodule;
				SWIFT_OPTIMIZATION_LEVEL = "-O";
				VALIDATE_PRODUCT = YES;
			};
			name = Release;
		};
		2E2A8C67234FC6CE00540605 /* Debug */ = {
			isa = XCBuildConfiguration;
			buildSettings = {
				ALWAYS_EMBED_SWIFT_STANDARD_LIBRARIES = YES;
				ASSETCATALOG_COMPILER_APPICON_NAME = AppIcon;
				CODE_SIGN_STYLE = Automatic;
				DEVELOPMENT_TEAM = X3MJYQKU8R;
				INFOPLIST_FILE = CheckDarkModeWidget/Info.plist;
				LD_RUNPATH_SEARCH_PATHS = (
					"$(inherited)",
					"@executable_path/Frameworks",
				);
				PRODUCT_BUNDLE_IDENTIFIER = com.matoria.CheckDarkModeWidget;
				PRODUCT_NAME = "$(TARGET_NAME)";
				SWIFT_VERSION = 5.0;
				TARGETED_DEVICE_FAMILY = "1,2";
			};
			name = Debug;
		};
		2E2A8C68234FC6CE00540605 /* Release */ = {
			isa = XCBuildConfiguration;
			buildSettings = {
				ALWAYS_EMBED_SWIFT_STANDARD_LIBRARIES = YES;
				ASSETCATALOG_COMPILER_APPICON_NAME = AppIcon;
				CODE_SIGN_STYLE = Automatic;
				DEVELOPMENT_TEAM = X3MJYQKU8R;
				INFOPLIST_FILE = CheckDarkModeWidget/Info.plist;
				LD_RUNPATH_SEARCH_PATHS = (
					"$(inherited)",
					"@executable_path/Frameworks",
				);
				PRODUCT_BUNDLE_IDENTIFIER = com.matoria.CheckDarkModeWidget;
				PRODUCT_NAME = "$(TARGET_NAME)";
				SWIFT_VERSION = 5.0;
				TARGETED_DEVICE_FAMILY = "1,2";
			};
			name = Release;
		};
		2E2A8C7C234FC7E600540605 /* Debug */ = {
			isa = XCBuildConfiguration;
			buildSettings = {
				CODE_SIGN_STYLE = Automatic;
				DEVELOPMENT_TEAM = X3MJYQKU8R;
				INFOPLIST_FILE = CheckDarkMode/Info.plist;
				LD_RUNPATH_SEARCH_PATHS = (
					"$(inherited)",
					"@executable_path/Frameworks",
					"@executable_path/../../Frameworks",
				);
				PRODUCT_BUNDLE_IDENTIFIER = com.matoria.CheckDarkModeWidget.CheckDarkMode;
				PRODUCT_NAME = "$(TARGET_NAME)";
				SKIP_INSTALL = YES;
				SWIFT_VERSION = 5.0;
				TARGETED_DEVICE_FAMILY = "1,2";
			};
			name = Debug;
		};
		2E2A8C7D234FC7E600540605 /* Release */ = {
			isa = XCBuildConfiguration;
			buildSettings = {
				CODE_SIGN_STYLE = Automatic;
				DEVELOPMENT_TEAM = X3MJYQKU8R;
				INFOPLIST_FILE = CheckDarkMode/Info.plist;
				LD_RUNPATH_SEARCH_PATHS = (
					"$(inherited)",
					"@executable_path/Frameworks",
					"@executable_path/../../Frameworks",
				);
				PRODUCT_BUNDLE_IDENTIFIER = com.matoria.CheckDarkModeWidget.CheckDarkMode;
				PRODUCT_NAME = "$(TARGET_NAME)";
				SKIP_INSTALL = YES;
				SWIFT_VERSION = 5.0;
				TARGETED_DEVICE_FAMILY = "1,2";
			};
			name = Release;
		};
/* End XCBuildConfiguration section */

/* Begin XCConfigurationList section */
		2E2A8C4D234FC6CC00540605 /* Build configuration list for PBXProject "CheckDarkModeWidget" */ = {
			isa = XCConfigurationList;
			buildConfigurations = (
				2E2A8C64234FC6CE00540605 /* Debug */,
				2E2A8C65234FC6CE00540605 /* Release */,
			);
			defaultConfigurationIsVisible = 0;
			defaultConfigurationName = Release;
		};
		2E2A8C66234FC6CE00540605 /* Build configuration list for PBXNativeTarget "CheckDarkModeWidget" */ = {
			isa = XCConfigurationList;
			buildConfigurations = (
				2E2A8C67234FC6CE00540605 /* Debug */,
				2E2A8C68234FC6CE00540605 /* Release */,
			);
			defaultConfigurationIsVisible = 0;
			defaultConfigurationName = Release;
		};
		2E2A8C7E234FC7E600540605 /* Build configuration list for PBXNativeTarget "CheckDarkMode" */ = {
			isa = XCConfigurationList;
			buildConfigurations = (
				2E2A8C7C234FC7E600540605 /* Debug */,
				2E2A8C7D234FC7E600540605 /* Release */,
			);
			defaultConfigurationIsVisible = 0;
			defaultConfigurationName = Release;
		};
/* End XCConfigurationList section */
	};
	rootObject = 2E2A8C4A234FC6CC00540605 /* Project object */;
}
